// !$*UTF8*$!
{
	archiveVersion = 1;
	classes = {
	};
	objectVersion = 46;
	objects = {

/* Begin PBXBuildFile section */
		EDF072421B448C8E00ABD72C /* main.m in Sources */ = {isa = PBXBuildFile; fileRef = EDF072411B448C8E00ABD72C /* main.m */; };
		EDF072451B448C8E00ABD72C /* AppDelegate.m in Sources */ = {isa = PBXBuildFile; fileRef = EDF072441B448C8E00ABD72C /* AppDelegate.m */; };
		EDF0724B1B448C8E00ABD72C /* Main.storyboard in Resources */ = {isa = PBXBuildFile; fileRef = EDF072491B448C8E00ABD72C /* Main.storyboard */; };
		EDF0724D1B448C8E00ABD72C /* Images.xcassets in Resources */ = {isa = PBXBuildFile; fileRef = EDF0724C1B448C8E00ABD72C /* Images.xcassets */; };
		EDF072501B448C8E00ABD72C /* LaunchScreen.xib in Resources */ = {isa = PBXBuildFile; fileRef = EDF0724E1B448C8E00ABD72C /* LaunchScreen.xib */; };
		EDF0725C1B448C8E00ABD72C /* Twitter_Dashboard_for_AthletesTests.m in Sources */ = {isa = PBXBuildFile; fileRef = EDF0725B1B448C8E00ABD72C /* Twitter_Dashboard_for_AthletesTests.m */; };
		EDF0726A1B448E3000ABD72C /* LoginViewController.m in Sources */ = {isa = PBXBuildFile; fileRef = EDF072691B448E3000ABD72C /* LoginViewController.m */; };
		EDF072781B448E8700ABD72C /* Bolts.framework in Frameworks */ = {isa = PBXBuildFile; fileRef = EDF0726B1B448E6700ABD72C /* Bolts.framework */; };
		EDF072791B448E8700ABD72C /* Parse.framework in Frameworks */ = {isa = PBXBuildFile; fileRef = EDF0726C1B448E6700ABD72C /* Parse.framework */; };
		EDF0727A1B448E8700ABD72C /* ParseCrashReporting.framework in Frameworks */ = {isa = PBXBuildFile; fileRef = EDF0726D1B448E6700ABD72C /* ParseCrashReporting.framework */; };
		EDF0727B1B448E8700ABD72C /* ParseFacebookUtils.framework in Frameworks */ = {isa = PBXBuildFile; fileRef = EDF0726E1B448E6700ABD72C /* ParseFacebookUtils.framework */; };
		EDF0727C1B448E8700ABD72C /* ParseFacebookUtilsV4.framework in Frameworks */ = {isa = PBXBuildFile; fileRef = EDF0726F1B448E6700ABD72C /* ParseFacebookUtilsV4.framework */; };
		EDF0727D1B448E8700ABD72C /* ParseUI.framework in Frameworks */ = {isa = PBXBuildFile; fileRef = EDF072701B448E6700ABD72C /* ParseUI.framework */; };
		EDF0727F1B44900800ABD72C /* AudioToolbox.framework in Frameworks */ = {isa = PBXBuildFile; fileRef = EDF0727E1B44900800ABD72C /* AudioToolbox.framework */; };
		EDF072811B44901100ABD72C /* CFNetwork.framework in Frameworks */ = {isa = PBXBuildFile; fileRef = EDF072801B44901100ABD72C /* CFNetwork.framework */; };
		EDF072831B44901800ABD72C /* CoreGraphics.framework in Frameworks */ = {isa = PBXBuildFile; fileRef = EDF072821B44901800ABD72C /* CoreGraphics.framework */; };
		EDF072851B44902000ABD72C /* CoreLocation.framework in Frameworks */ = {isa = PBXBuildFile; fileRef = EDF072841B44902000ABD72C /* CoreLocation.framework */; };
		EDF072871B44902800ABD72C /* MobileCoreServices.framework in Frameworks */ = {isa = PBXBuildFile; fileRef = EDF072861B44902800ABD72C /* MobileCoreServices.framework */; };
		EDF072891B44903100ABD72C /* QuartzCore.framework in Frameworks */ = {isa = PBXBuildFile; fileRef = EDF072881B44903100ABD72C /* QuartzCore.framework */; };
		EDF0728B1B44903800ABD72C /* Security.framework in Frameworks */ = {isa = PBXBuildFile; fileRef = EDF0728A1B44903800ABD72C /* Security.framework */; };
		EDF0728F1B44904A00ABD72C /* SystemConfiguration.framework in Frameworks */ = {isa = PBXBuildFile; fileRef = EDF0728E1B44904A00ABD72C /* SystemConfiguration.framework */; };
		EDF072911B44905300ABD72C /* libz.dylib in Frameworks */ = {isa = PBXBuildFile; fileRef = EDF072901B44905300ABD72C /* libz.dylib */; };
		EDF072931B44905A00ABD72C /* libsqlite3.dylib in Frameworks */ = {isa = PBXBuildFile; fileRef = EDF072921B44905A00ABD72C /* libsqlite3.dylib */; };
		EDF072991B4490F200ABD72C /* Fabric.framework in Frameworks */ = {isa = PBXBuildFile; fileRef = EDF072951B4490F200ABD72C /* Fabric.framework */; };
		EDF0729A1B4490F200ABD72C /* TwitterKit.framework in Frameworks */ = {isa = PBXBuildFile; fileRef = EDF072961B4490F200ABD72C /* TwitterKit.framework */; };
		EDF0729B1B4490F200ABD72C /* TwitterKitResources.bundle in Resources */ = {isa = PBXBuildFile; fileRef = EDF072971B4490F200ABD72C /* TwitterKitResources.bundle */; };
		EDF0729C1B4490F200ABD72C /* TwitterCore.framework in Frameworks */ = {isa = PBXBuildFile; fileRef = EDF072981B4490F200ABD72C /* TwitterCore.framework */; };
		EDF0729F1B44CD4300ABD72C /* FeedViewController.m in Sources */ = {isa = PBXBuildFile; fileRef = EDF0729E1B44CD4300ABD72C /* FeedViewController.m */; };
		EDF072A81B45FFE200ABD72C /* TabBarViewController.m in Sources */ = {isa = PBXBuildFile; fileRef = EDF072A71B45FFE200ABD72C /* TabBarViewController.m */; };
		EDF072AA1B462DE700ABD72C /* Crashlytics.framework in Frameworks */ = {isa = PBXBuildFile; fileRef = EDF072A91B462DE700ABD72C /* Crashlytics.framework */; };
		EDF072B31B47235300ABD72C /* SettingsTableViewController.m in Sources */ = {isa = PBXBuildFile; fileRef = EDF072B21B47235300ABD72C /* SettingsTableViewController.m */; };
		EDF072B61B47817400ABD72C /* NotificationFrequencyDetailViewController.m in Sources */ = {isa = PBXBuildFile; fileRef = EDF072B51B47817400ABD72C /* NotificationFrequencyDetailViewController.m */; };
		EDF072B91B49BACF00ABD72C /* EventsTableViewController.m in Sources */ = {isa = PBXBuildFile; fileRef = EDF072B81B49BACF00ABD72C /* EventsTableViewController.m */; };
/* End PBXBuildFile section */

/* Begin PBXContainerItemProxy section */
		EDF072561B448C8E00ABD72C /* PBXContainerItemProxy */ = {
			isa = PBXContainerItemProxy;
			containerPortal = EDF072341B448C8E00ABD72C /* Project object */;
			proxyType = 1;
			remoteGlobalIDString = EDF0723B1B448C8E00ABD72C;
			remoteInfo = "Twitter Dashboard for Athletes";
		};
/* End PBXContainerItemProxy section */

/* Begin PBXFileReference section */
		EDF0723C1B448C8E00ABD72C /* Twitter Dashboard for Athletes.app */ = {isa = PBXFileReference; explicitFileType = wrapper.application; includeInIndex = 0; path = "Twitter Dashboard for Athletes.app"; sourceTree = BUILT_PRODUCTS_DIR; };
		EDF072401B448C8E00ABD72C /* Info.plist */ = {isa = PBXFileReference; lastKnownFileType = text.plist.xml; path = Info.plist; sourceTree = "<group>"; };
		EDF072411B448C8E00ABD72C /* main.m */ = {isa = PBXFileReference; lastKnownFileType = sourcecode.c.objc; path = main.m; sourceTree = "<group>"; };
		EDF072431B448C8E00ABD72C /* AppDelegate.h */ = {isa = PBXFileReference; lastKnownFileType = sourcecode.c.h; path = AppDelegate.h; sourceTree = "<group>"; };
		EDF072441B448C8E00ABD72C /* AppDelegate.m */ = {isa = PBXFileReference; lastKnownFileType = sourcecode.c.objc; path = AppDelegate.m; sourceTree = "<group>"; };
		EDF0724A1B448C8E00ABD72C /* Base */ = {isa = PBXFileReference; lastKnownFileType = file.storyboard; name = Base; path = Base.lproj/Main.storyboard; sourceTree = "<group>"; };
		EDF0724C1B448C8E00ABD72C /* Images.xcassets */ = {isa = PBXFileReference; lastKnownFileType = folder.assetcatalog; path = Images.xcassets; sourceTree = "<group>"; };
		EDF0724F1B448C8E00ABD72C /* Base */ = {isa = PBXFileReference; lastKnownFileType = file.xib; name = Base; path = Base.lproj/LaunchScreen.xib; sourceTree = "<group>"; };
		EDF072551B448C8E00ABD72C /* Twitter Dashboard for AthletesTests.xctest */ = {isa = PBXFileReference; explicitFileType = wrapper.cfbundle; includeInIndex = 0; path = "Twitter Dashboard for AthletesTests.xctest"; sourceTree = BUILT_PRODUCTS_DIR; };
		EDF0725A1B448C8E00ABD72C /* Info.plist */ = {isa = PBXFileReference; lastKnownFileType = text.plist.xml; path = Info.plist; sourceTree = "<group>"; };
		EDF0725B1B448C8E00ABD72C /* Twitter_Dashboard_for_AthletesTests.m */ = {isa = PBXFileReference; lastKnownFileType = sourcecode.c.objc; path = Twitter_Dashboard_for_AthletesTests.m; sourceTree = "<group>"; };
		EDF072681B448E3000ABD72C /* LoginViewController.h */ = {isa = PBXFileReference; fileEncoding = 4; lastKnownFileType = sourcecode.c.h; path = LoginViewController.h; sourceTree = "<group>"; };
		EDF072691B448E3000ABD72C /* LoginViewController.m */ = {isa = PBXFileReference; fileEncoding = 4; lastKnownFileType = sourcecode.c.objc; path = LoginViewController.m; sourceTree = "<group>"; };
		EDF0726B1B448E6700ABD72C /* Bolts.framework */ = {isa = PBXFileReference; lastKnownFileType = wrapper.framework; name = Bolts.framework; path = "Twitter Dashboard for Athletes/parse/Bolts.framework"; sourceTree = "<group>"; };
		EDF0726C1B448E6700ABD72C /* Parse.framework */ = {isa = PBXFileReference; lastKnownFileType = wrapper.framework; name = Parse.framework; path = "Twitter Dashboard for Athletes/parse/Parse.framework"; sourceTree = "<group>"; };
		EDF0726D1B448E6700ABD72C /* ParseCrashReporting.framework */ = {isa = PBXFileReference; lastKnownFileType = wrapper.framework; name = ParseCrashReporting.framework; path = "Twitter Dashboard for Athletes/parse/ParseCrashReporting.framework"; sourceTree = "<group>"; };
		EDF0726E1B448E6700ABD72C /* ParseFacebookUtils.framework */ = {isa = PBXFileReference; lastKnownFileType = wrapper.framework; name = ParseFacebookUtils.framework; path = "Twitter Dashboard for Athletes/parse/ParseFacebookUtils.framework"; sourceTree = "<group>"; };
		EDF0726F1B448E6700ABD72C /* ParseFacebookUtilsV4.framework */ = {isa = PBXFileReference; lastKnownFileType = wrapper.framework; name = ParseFacebookUtilsV4.framework; path = "Twitter Dashboard for Athletes/parse/ParseFacebookUtilsV4.framework"; sourceTree = "<group>"; };
		EDF072701B448E6700ABD72C /* ParseUI.framework */ = {isa = PBXFileReference; lastKnownFileType = wrapper.framework; name = ParseUI.framework; path = "Twitter Dashboard for Athletes/parse/ParseUI.framework"; sourceTree = "<group>"; };
		EDF0727E1B44900800ABD72C /* AudioToolbox.framework */ = {isa = PBXFileReference; lastKnownFileType = wrapper.framework; name = AudioToolbox.framework; path = System/Library/Frameworks/AudioToolbox.framework; sourceTree = SDKROOT; };
		EDF072801B44901100ABD72C /* CFNetwork.framework */ = {isa = PBXFileReference; lastKnownFileType = wrapper.framework; name = CFNetwork.framework; path = System/Library/Frameworks/CFNetwork.framework; sourceTree = SDKROOT; };
		EDF072821B44901800ABD72C /* CoreGraphics.framework */ = {isa = PBXFileReference; lastKnownFileType = wrapper.framework; name = CoreGraphics.framework; path = System/Library/Frameworks/CoreGraphics.framework; sourceTree = SDKROOT; };
		EDF072841B44902000ABD72C /* CoreLocation.framework */ = {isa = PBXFileReference; lastKnownFileType = wrapper.framework; name = CoreLocation.framework; path = System/Library/Frameworks/CoreLocation.framework; sourceTree = SDKROOT; };
		EDF072861B44902800ABD72C /* MobileCoreServices.framework */ = {isa = PBXFileReference; lastKnownFileType = wrapper.framework; name = MobileCoreServices.framework; path = System/Library/Frameworks/MobileCoreServices.framework; sourceTree = SDKROOT; };
		EDF072881B44903100ABD72C /* QuartzCore.framework */ = {isa = PBXFileReference; lastKnownFileType = wrapper.framework; name = QuartzCore.framework; path = System/Library/Frameworks/QuartzCore.framework; sourceTree = SDKROOT; };
		EDF0728A1B44903800ABD72C /* Security.framework */ = {isa = PBXFileReference; lastKnownFileType = wrapper.framework; name = Security.framework; path = System/Library/Frameworks/Security.framework; sourceTree = SDKROOT; };
		EDF0728E1B44904A00ABD72C /* SystemConfiguration.framework */ = {isa = PBXFileReference; lastKnownFileType = wrapper.framework; name = SystemConfiguration.framework; path = System/Library/Frameworks/SystemConfiguration.framework; sourceTree = SDKROOT; };
		EDF072901B44905300ABD72C /* libz.dylib */ = {isa = PBXFileReference; lastKnownFileType = "compiled.mach-o.dylib"; name = libz.dylib; path = usr/lib/libz.dylib; sourceTree = SDKROOT; };
		EDF072921B44905A00ABD72C /* libsqlite3.dylib */ = {isa = PBXFileReference; lastKnownFileType = "compiled.mach-o.dylib"; name = libsqlite3.dylib; path = usr/lib/libsqlite3.dylib; sourceTree = SDKROOT; };
		EDF072951B4490F200ABD72C /* Fabric.framework */ = {isa = PBXFileReference; lastKnownFileType = wrapper.framework; path = Fabric.framework; sourceTree = "<group>"; };
		EDF072961B4490F200ABD72C /* TwitterKit.framework */ = {isa = PBXFileReference; lastKnownFileType = wrapper.framework; path = TwitterKit.framework; sourceTree = "<group>"; };
		EDF072971B4490F200ABD72C /* TwitterKitResources.bundle */ = {isa = PBXFileReference; lastKnownFileType = "wrapper.plug-in"; name = TwitterKitResources.bundle; path = TwitterKit.framework/Versions/A/Resources/TwitterKitResources.bundle; sourceTree = "<group>"; };
		EDF072981B4490F200ABD72C /* TwitterCore.framework */ = {isa = PBXFileReference; lastKnownFileType = wrapper.framework; path = TwitterCore.framework; sourceTree = "<group>"; };
		EDF0729D1B44CD4300ABD72C /* FeedViewController.h */ = {isa = PBXFileReference; fileEncoding = 4; lastKnownFileType = sourcecode.c.h; path = FeedViewController.h; sourceTree = "<group>"; };
		EDF0729E1B44CD4300ABD72C /* FeedViewController.m */ = {isa = PBXFileReference; fileEncoding = 4; lastKnownFileType = sourcecode.c.objc; path = FeedViewController.m; sourceTree = "<group>"; };
		EDF072A61B45FFE200ABD72C /* TabBarViewController.h */ = {isa = PBXFileReference; fileEncoding = 4; lastKnownFileType = sourcecode.c.h; path = TabBarViewController.h; sourceTree = "<group>"; };
		EDF072A71B45FFE200ABD72C /* TabBarViewController.m */ = {isa = PBXFileReference; fileEncoding = 4; lastKnownFileType = sourcecode.c.objc; path = TabBarViewController.m; sourceTree = "<group>"; };
		EDF072A91B462DE700ABD72C /* Crashlytics.framework */ = {isa = PBXFileReference; lastKnownFileType = wrapper.framework; path = Crashlytics.framework; sourceTree = "<group>"; };
		EDF072B11B47235300ABD72C /* SettingsTableViewController.h */ = {isa = PBXFileReference; fileEncoding = 4; lastKnownFileType = sourcecode.c.h; path = SettingsTableViewController.h; sourceTree = "<group>"; };
		EDF072B21B47235300ABD72C /* SettingsTableViewController.m */ = {isa = PBXFileReference; fileEncoding = 4; lastKnownFileType = sourcecode.c.objc; path = SettingsTableViewController.m; sourceTree = "<group>"; };
		EDF072B41B47817400ABD72C /* NotificationFrequencyDetailViewController.h */ = {isa = PBXFileReference; fileEncoding = 4; lastKnownFileType = sourcecode.c.h; path = NotificationFrequencyDetailViewController.h; sourceTree = "<group>"; };
		EDF072B51B47817400ABD72C /* NotificationFrequencyDetailViewController.m */ = {isa = PBXFileReference; fileEncoding = 4; lastKnownFileType = sourcecode.c.objc; path = NotificationFrequencyDetailViewController.m; sourceTree = "<group>"; };
		EDF072B71B49BACF00ABD72C /* EventsTableViewController.h */ = {isa = PBXFileReference; fileEncoding = 4; lastKnownFileType = sourcecode.c.h; path = EventsTableViewController.h; sourceTree = "<group>"; };
		EDF072B81B49BACF00ABD72C /* EventsTableViewController.m */ = {isa = PBXFileReference; fileEncoding = 4; lastKnownFileType = sourcecode.c.objc; path = EventsTableViewController.m; sourceTree = "<group>"; };
/* End PBXFileReference section */

/* Begin PBXFrameworksBuildPhase section */
		EDF072391B448C8E00ABD72C /* Frameworks */ = {
			isa = PBXFrameworksBuildPhase;
			buildActionMask = 2147483647;
			files = (
				EDF072931B44905A00ABD72C /* libsqlite3.dylib in Frameworks */,
				EDF072911B44905300ABD72C /* libz.dylib in Frameworks */,
				EDF0728F1B44904A00ABD72C /* SystemConfiguration.framework in Frameworks */,
				EDF0728B1B44903800ABD72C /* Security.framework in Frameworks */,
				EDF0729C1B4490F200ABD72C /* TwitterCore.framework in Frameworks */,
				EDF0729A1B4490F200ABD72C /* TwitterKit.framework in Frameworks */,
				EDF072991B4490F200ABD72C /* Fabric.framework in Frameworks */,
				EDF072891B44903100ABD72C /* QuartzCore.framework in Frameworks */,
				EDF072871B44902800ABD72C /* MobileCoreServices.framework in Frameworks */,
				EDF072851B44902000ABD72C /* CoreLocation.framework in Frameworks */,
				EDF072831B44901800ABD72C /* CoreGraphics.framework in Frameworks */,
				EDF072811B44901100ABD72C /* CFNetwork.framework in Frameworks */,
				EDF072AA1B462DE700ABD72C /* Crashlytics.framework in Frameworks */,
				EDF0727F1B44900800ABD72C /* AudioToolbox.framework in Frameworks */,
				EDF072781B448E8700ABD72C /* Bolts.framework in Frameworks */,
				EDF072791B448E8700ABD72C /* Parse.framework in Frameworks */,
				EDF0727A1B448E8700ABD72C /* ParseCrashReporting.framework in Frameworks */,
				EDF0727B1B448E8700ABD72C /* ParseFacebookUtils.framework in Frameworks */,
				EDF0727C1B448E8700ABD72C /* ParseFacebookUtilsV4.framework in Frameworks */,
				EDF0727D1B448E8700ABD72C /* ParseUI.framework in Frameworks */,
			);
			runOnlyForDeploymentPostprocessing = 0;
		};
		EDF072521B448C8E00ABD72C /* Frameworks */ = {
			isa = PBXFrameworksBuildPhase;
			buildActionMask = 2147483647;
			files = (
			);
			runOnlyForDeploymentPostprocessing = 0;
		};
/* End PBXFrameworksBuildPhase section */

/* Begin PBXGroup section */
		EDF072331B448C8E00ABD72C = {
			isa = PBXGroup;
			children = (
				EDF072771B448E6D00ABD72C /* Frameworks */,
				EDF0723E1B448C8E00ABD72C /* Twitter Dashboard for Athletes */,
				EDF072581B448C8E00ABD72C /* Twitter Dashboard for AthletesTests */,
				EDF0723D1B448C8E00ABD72C /* Products */,
			);
			sourceTree = "<group>";
		};
		EDF0723D1B448C8E00ABD72C /* Products */ = {
			isa = PBXGroup;
			children = (
				EDF0723C1B448C8E00ABD72C /* Twitter Dashboard for Athletes.app */,
				EDF072551B448C8E00ABD72C /* Twitter Dashboard for AthletesTests.xctest */,
			);
			name = Products;
			sourceTree = "<group>";
		};
		EDF0723E1B448C8E00ABD72C /* Twitter Dashboard for Athletes */ = {
			isa = PBXGroup;
			children = (
				EDF072B71B49BACF00ABD72C /* EventsTableViewController.h */,
				EDF072B81B49BACF00ABD72C /* EventsTableViewController.m */,
				EDF072B41B47817400ABD72C /* NotificationFrequencyDetailViewController.h */,
				EDF072B51B47817400ABD72C /* NotificationFrequencyDetailViewController.m */,
				EDF072B11B47235300ABD72C /* SettingsTableViewController.h */,
				EDF072B21B47235300ABD72C /* SettingsTableViewController.m */,
				EDF072A61B45FFE200ABD72C /* TabBarViewController.h */,
				EDF072A71B45FFE200ABD72C /* TabBarViewController.m */,
				EDF0729D1B44CD4300ABD72C /* FeedViewController.h */,
				EDF0729E1B44CD4300ABD72C /* FeedViewController.m */,
				EDF072681B448E3000ABD72C /* LoginViewController.h */,
				EDF072691B448E3000ABD72C /* LoginViewController.m */,
				EDF072431B448C8E00ABD72C /* AppDelegate.h */,
				EDF072441B448C8E00ABD72C /* AppDelegate.m */,
				EDF072491B448C8E00ABD72C /* Main.storyboard */,
				EDF0724C1B448C8E00ABD72C /* Images.xcassets */,
				EDF0724E1B448C8E00ABD72C /* LaunchScreen.xib */,
				EDF0723F1B448C8E00ABD72C /* Supporting Files */,
			);
			path = "Twitter Dashboard for Athletes";
			sourceTree = "<group>";
		};
		EDF0723F1B448C8E00ABD72C /* Supporting Files */ = {
			isa = PBXGroup;
			children = (
				EDF072401B448C8E00ABD72C /* Info.plist */,
				EDF072411B448C8E00ABD72C /* main.m */,
			);
			name = "Supporting Files";
			sourceTree = "<group>";
		};
		EDF072581B448C8E00ABD72C /* Twitter Dashboard for AthletesTests */ = {
			isa = PBXGroup;
			children = (
				EDF0725B1B448C8E00ABD72C /* Twitter_Dashboard_for_AthletesTests.m */,
				EDF072591B448C8E00ABD72C /* Supporting Files */,
			);
			path = "Twitter Dashboard for AthletesTests";
			sourceTree = "<group>";
		};
		EDF072591B448C8E00ABD72C /* Supporting Files */ = {
			isa = PBXGroup;
			children = (
				EDF0725A1B448C8E00ABD72C /* Info.plist */,
			);
			name = "Supporting Files";
			sourceTree = "<group>";
		};
		EDF072771B448E6D00ABD72C /* Frameworks */ = {
			isa = PBXGroup;
			children = (
				EDF072A91B462DE700ABD72C /* Crashlytics.framework */,
				EDF072951B4490F200ABD72C /* Fabric.framework */,
				EDF072961B4490F200ABD72C /* TwitterKit.framework */,
				EDF072971B4490F200ABD72C /* TwitterKitResources.bundle */,
				EDF072981B4490F200ABD72C /* TwitterCore.framework */,
				EDF072921B44905A00ABD72C /* libsqlite3.dylib */,
				EDF072901B44905300ABD72C /* libz.dylib */,
				EDF0728E1B44904A00ABD72C /* SystemConfiguration.framework */,
				EDF0728A1B44903800ABD72C /* Security.framework */,
				EDF072881B44903100ABD72C /* QuartzCore.framework */,
				EDF072861B44902800ABD72C /* MobileCoreServices.framework */,
				EDF072841B44902000ABD72C /* CoreLocation.framework */,
				EDF072821B44901800ABD72C /* CoreGraphics.framework */,
				EDF072801B44901100ABD72C /* CFNetwork.framework */,
				EDF0727E1B44900800ABD72C /* AudioToolbox.framework */,
				EDF0726B1B448E6700ABD72C /* Bolts.framework */,
				EDF0726C1B448E6700ABD72C /* Parse.framework */,
				EDF0726D1B448E6700ABD72C /* ParseCrashReporting.framework */,
				EDF0726E1B448E6700ABD72C /* ParseFacebookUtils.framework */,
				EDF0726F1B448E6700ABD72C /* ParseFacebookUtilsV4.framework */,
				EDF072701B448E6700ABD72C /* ParseUI.framework */,
			);
			name = Frameworks;
			sourceTree = "<group>";
		};
/* End PBXGroup section */

/* Begin PBXNativeTarget section */
		EDF0723B1B448C8E00ABD72C /* Twitter Dashboard for Athletes */ = {
			isa = PBXNativeTarget;
			buildConfigurationList = EDF0725F1B448C8E00ABD72C /* Build configuration list for PBXNativeTarget "Twitter Dashboard for Athletes" */;
			buildPhases = (
				EDF072381B448C8E00ABD72C /* Sources */,
				EDF072391B448C8E00ABD72C /* Frameworks */,
				EDF0723A1B448C8E00ABD72C /* Resources */,
				EDF072941B4490B900ABD72C /* ShellScript */,
			);
			buildRules = (
			);
			dependencies = (
			);
			name = "Twitter Dashboard for Athletes";
			productName = "Twitter Dashboard for Athletes";
			productReference = EDF0723C1B448C8E00ABD72C /* Twitter Dashboard for Athletes.app */;
			productType = "com.apple.product-type.application";
		};
		EDF072541B448C8E00ABD72C /* Twitter Dashboard for AthletesTests */ = {
			isa = PBXNativeTarget;
			buildConfigurationList = EDF072621B448C8E00ABD72C /* Build configuration list for PBXNativeTarget "Twitter Dashboard for AthletesTests" */;
			buildPhases = (
				EDF072511B448C8E00ABD72C /* Sources */,
				EDF072521B448C8E00ABD72C /* Frameworks */,
				EDF072531B448C8E00ABD72C /* Resources */,
			);
			buildRules = (
			);
			dependencies = (
				EDF072571B448C8E00ABD72C /* PBXTargetDependency */,
			);
			name = "Twitter Dashboard for AthletesTests";
			productName = "Twitter Dashboard for AthletesTests";
			productReference = EDF072551B448C8E00ABD72C /* Twitter Dashboard for AthletesTests.xctest */;
			productType = "com.apple.product-type.bundle.unit-test";
		};
/* End PBXNativeTarget section */

/* Begin PBXProject section */
		EDF072341B448C8E00ABD72C /* Project object */ = {
			isa = PBXProject;
			attributes = {
				LastUpgradeCheck = 0640;
				ORGANIZATIONNAME = "Cole Hudson";
				TargetAttributes = {
					EDF0723B1B448C8E00ABD72C = {
						CreatedOnToolsVersion = 6.4;
						DevelopmentTeam = NTEK7EDABY;
						SystemCapabilities = {
							com.apple.InAppPurchase = {
								enabled = 0;
							};
						};
					};
					EDF072541B448C8E00ABD72C = {
						CreatedOnToolsVersion = 6.4;
						TestTargetID = EDF0723B1B448C8E00ABD72C;
					};
				};
			};
			buildConfigurationList = EDF072371B448C8E00ABD72C /* Build configuration list for PBXProject "Twitter Dashboard for Athletes" */;
			compatibilityVersion = "Xcode 3.2";
			developmentRegion = English;
			hasScannedForEncodings = 0;
			knownRegions = (
				en,
				Base,
			);
			mainGroup = EDF072331B448C8E00ABD72C;
			productRefGroup = EDF0723D1B448C8E00ABD72C /* Products */;
			projectDirPath = "";
			projectRoot = "";
			targets = (
				EDF0723B1B448C8E00ABD72C /* Twitter Dashboard for Athletes */,
				EDF072541B448C8E00ABD72C /* Twitter Dashboard for AthletesTests */,
			);
		};
/* End PBXProject section */

/* Begin PBXResourcesBuildPhase section */
		EDF0723A1B448C8E00ABD72C /* Resources */ = {
			isa = PBXResourcesBuildPhase;
			buildActionMask = 2147483647;
			files = (
				EDF0729B1B4490F200ABD72C /* TwitterKitResources.bundle in Resources */,
				EDF0724B1B448C8E00ABD72C /* Main.storyboard in Resources */,
				EDF072501B448C8E00ABD72C /* LaunchScreen.xib in Resources */,
				EDF0724D1B448C8E00ABD72C /* Images.xcassets in Resources */,
			);
			runOnlyForDeploymentPostprocessing = 0;
		};
		EDF072531B448C8E00ABD72C /* Resources */ = {
			isa = PBXResourcesBuildPhase;
			buildActionMask = 2147483647;
			files = (
			);
			runOnlyForDeploymentPostprocessing = 0;
		};
/* End PBXResourcesBuildPhase section */

/* Begin PBXShellScriptBuildPhase section */
		EDF072941B4490B900ABD72C /* ShellScript */ = {
			isa = PBXShellScriptBuildPhase;
			buildActionMask = 2147483647;
			files = (
			);
			inputPaths = (
			);
			outputPaths = (
			);
			runOnlyForDeploymentPostprocessing = 0;
			shellPath = /bin/sh;
			shellScript = "./Fabric.framework/run 8964762aeb97716c5cc90b5752bf707650a5e1a2 a3f7386b9fddb353cf1a670b1c0a739af7cd5ab8c15d3b83bdb1ef1c3a8b5eba";
		};
/* End PBXShellScriptBuildPhase section */

/* Begin PBXSourcesBuildPhase section */
		EDF072381B448C8E00ABD72C /* Sources */ = {
			isa = PBXSourcesBuildPhase;
			buildActionMask = 2147483647;
			files = (
				EDF072B31B47235300ABD72C /* SettingsTableViewController.m in Sources */,
				EDF072A81B45FFE200ABD72C /* TabBarViewController.m in Sources */,
				EDF072B91B49BACF00ABD72C /* EventsTableViewController.m in Sources */,
				EDF072451B448C8E00ABD72C /* AppDelegate.m in Sources */,
				EDF072421B448C8E00ABD72C /* main.m in Sources */,
				EDF072B61B47817400ABD72C /* NotificationFrequencyDetailViewController.m in Sources */,
				EDF0729F1B44CD4300ABD72C /* FeedViewController.m in Sources */,
				EDF0726A1B448E3000ABD72C /* LoginViewController.m in Sources */,
			);
			runOnlyForDeploymentPostprocessing = 0;
		};
		EDF072511B448C8E00ABD72C /* Sources */ = {
			isa = PBXSourcesBuildPhase;
			buildActionMask = 2147483647;
			files = (
				EDF0725C1B448C8E00ABD72C /* Twitter_Dashboard_for_AthletesTests.m in Sources */,
			);
			runOnlyForDeploymentPostprocessing = 0;
		};
/* End PBXSourcesBuildPhase section */

/* Begin PBXTargetDependency section */
		EDF072571B448C8E00ABD72C /* PBXTargetDependency */ = {
			isa = PBXTargetDependency;
			target = EDF0723B1B448C8E00ABD72C /* Twitter Dashboard for Athletes */;
			targetProxy = EDF072561B448C8E00ABD72C /* PBXContainerItemProxy */;
		};
/* End PBXTargetDependency section */

/* Begin PBXVariantGroup section */
		EDF072491B448C8E00ABD72C /* Main.storyboard */ = {
			isa = PBXVariantGroup;
			children = (
				EDF0724A1B448C8E00ABD72C /* Base */,
			);
			name = Main.storyboard;
			sourceTree = "<group>";
		};
		EDF0724E1B448C8E00ABD72C /* LaunchScreen.xib */ = {
			isa = PBXVariantGroup;
			children = (
				EDF0724F1B448C8E00ABD72C /* Base */,
			);
			name = LaunchScreen.xib;
			sourceTree = "<group>";
		};
/* End PBXVariantGroup section */

/* Begin XCBuildConfiguration section */
		EDF0725D1B448C8E00ABD72C /* Debug */ = {
			isa = XCBuildConfiguration;
			buildSettings = {
				ALWAYS_SEARCH_USER_PATHS = NO;
				CLANG_CXX_LANGUAGE_STANDARD = "gnu++0x";
				CLANG_CXX_LIBRARY = "libc++";
				CLANG_ENABLE_MODULES = YES;
				CLANG_ENABLE_OBJC_ARC = YES;
				CLANG_WARN_BOOL_CONVERSION = YES;
				CLANG_WARN_CONSTANT_CONVERSION = YES;
				CLANG_WARN_DIRECT_OBJC_ISA_USAGE = YES_ERROR;
				CLANG_WARN_EMPTY_BODY = YES;
				CLANG_WARN_ENUM_CONVERSION = YES;
				CLANG_WARN_INT_CONVERSION = YES;
				CLANG_WARN_OBJC_ROOT_CLASS = YES_ERROR;
				CLANG_WARN_UNREACHABLE_CODE = YES;
				CLANG_WARN__DUPLICATE_METHOD_MATCH = YES;
				"CODE_SIGN_IDENTITY[sdk=iphoneos*]" = "iPhone Developer";
				COPY_PHASE_STRIP = NO;
				DEBUG_INFORMATION_FORMAT = "dwarf-with-dsym";
				ENABLE_STRICT_OBJC_MSGSEND = YES;
				GCC_C_LANGUAGE_STANDARD = gnu99;
				GCC_DYNAMIC_NO_PIC = NO;
				GCC_NO_COMMON_BLOCKS = YES;
				GCC_OPTIMIZATION_LEVEL = 0;
				GCC_PREPROCESSOR_DEFINITIONS = (
					"DEBUG=1",
					"$(inherited)",
				);
				GCC_SYMBOLS_PRIVATE_EXTERN = NO;
				GCC_WARN_64_TO_32_BIT_CONVERSION = YES;
				GCC_WARN_ABOUT_RETURN_TYPE = YES_ERROR;
				GCC_WARN_UNDECLARED_SELECTOR = YES;
				GCC_WARN_UNINITIALIZED_AUTOS = YES_AGGRESSIVE;
				GCC_WARN_UNUSED_FUNCTION = YES;
				GCC_WARN_UNUSED_VARIABLE = YES;
				IPHONEOS_DEPLOYMENT_TARGET = 8.4;
				MTL_ENABLE_DEBUG_INFO = YES;
				ONLY_ACTIVE_ARCH = YES;
				SDKROOT = iphoneos;
				TARGETED_DEVICE_FAMILY = "1,2";
			};
			name = Debug;
		};
		EDF0725E1B448C8E00ABD72C /* Release */ = {
			isa = XCBuildConfiguration;
			buildSettings = {
				ALWAYS_SEARCH_USER_PATHS = NO;
				CLANG_CXX_LANGUAGE_STANDARD = "gnu++0x";
				CLANG_CXX_LIBRARY = "libc++";
				CLANG_ENABLE_MODULES = YES;
				CLANG_ENABLE_OBJC_ARC = YES;
				CLANG_WARN_BOOL_CONVERSION = YES;
				CLANG_WARN_CONSTANT_CONVERSION = YES;
				CLANG_WARN_DIRECT_OBJC_ISA_USAGE = YES_ERROR;
				CLANG_WARN_EMPTY_BODY = YES;
				CLANG_WARN_ENUM_CONVERSION = YES;
				CLANG_WARN_INT_CONVERSION = YES;
				CLANG_WARN_OBJC_ROOT_CLASS = YES_ERROR;
				CLANG_WARN_UNREACHABLE_CODE = YES;
				CLANG_WARN__DUPLICATE_METHOD_MATCH = YES;
				"CODE_SIGN_IDENTITY[sdk=iphoneos*]" = "iPhone Developer";
				COPY_PHASE_STRIP = NO;
				DEBUG_INFORMATION_FORMAT = "dwarf-with-dsym";
				ENABLE_NS_ASSERTIONS = NO;
				ENABLE_STRICT_OBJC_MSGSEND = YES;
				GCC_C_LANGUAGE_STANDARD = gnu99;
				GCC_NO_COMMON_BLOCKS = YES;
				GCC_WARN_64_TO_32_BIT_CONVERSION = YES;
				GCC_WARN_ABOUT_RETURN_TYPE = YES_ERROR;
				GCC_WARN_UNDECLARED_SELECTOR = YES;
				GCC_WARN_UNINITIALIZED_AUTOS = YES_AGGRESSIVE;
				GCC_WARN_UNUSED_FUNCTION = YES;
				GCC_WARN_UNUSED_VARIABLE = YES;
				IPHONEOS_DEPLOYMENT_TARGET = 8.4;
				MTL_ENABLE_DEBUG_INFO = NO;
				SDKROOT = iphoneos;
				TARGETED_DEVICE_FAMILY = "1,2";
				VALIDATE_PRODUCT = YES;
			};
			name = Release;
		};
		EDF072601B448C8E00ABD72C /* Debug */ = {
			isa = XCBuildConfiguration;
			buildSettings = {
				ASSETCATALOG_COMPILER_APPICON_NAME = AppIcon;
				CODE_SIGN_IDENTITY = "iPhone Developer";
				"CODE_SIGN_IDENTITY[sdk=iphoneos*]" = "iPhone Developer";
				FRAMEWORK_SEARCH_PATHS = (
					"$(inherited)",
					"$(PROJECT_DIR)/Twitter",
					Dashboard,
					for,
					Athletes/parse,
					"$(PROJECT_DIR)",
				);
				INFOPLIST_FILE = "Twitter Dashboard for Athletes/Info.plist";
				IPHONEOS_DEPLOYMENT_TARGET = 8.1;
				LD_RUNPATH_SEARCH_PATHS = "$(inherited) @executable_path/Frameworks";
				PRODUCT_NAME = "$(TARGET_NAME)";
				PROVISIONING_PROFILE = "";
			};
			name = Debug;
		};
		EDF072611B448C8E00ABD72C /* Release */ = {
			isa = XCBuildConfiguration;
			buildSettings = {
				ASSETCATALOG_COMPILER_APPICON_NAME = AppIcon;
				CODE_SIGN_IDENTITY = "iPhone Developer";
				"CODE_SIGN_IDENTITY[sdk=iphoneos*]" = "iPhone Developer";
				FRAMEWORK_SEARCH_PATHS = (
					"$(inherited)",
					"$(PROJECT_DIR)/Twitter",
					Dashboard,
					for,
					Athletes/parse,
					"$(PROJECT_DIR)",
				);
				INFOPLIST_FILE = "Twitter Dashboard for Athletes/Info.plist";
				IPHONEOS_DEPLOYMENT_TARGET = 8.1;
				LD_RUNPATH_SEARCH_PATHS = "$(inherited) @executable_path/Frameworks";
				PRODUCT_NAME = "$(TARGET_NAME)";
				PROVISIONING_PROFILE = "";
			};
			name = Release;
		};
		EDF072631B448C8E00ABD72C /* Debug */ = {
			isa = XCBuildConfiguration;
			buildSettings = {
				BUNDLE_LOADER = "$(TEST_HOST)";
				FRAMEWORK_SEARCH_PATHS = (
					"$(SDKROOT)/Developer/Library/Frameworks",
					"$(inherited)",
				);
				GCC_PREPROCESSOR_DEFINITIONS = (
					"DEBUG=1",
					"$(inherited)",
				);
				INFOPLIST_FILE = "Twitter Dashboard for AthletesTests/Info.plist";
				LD_RUNPATH_SEARCH_PATHS = "$(inherited) @executable_path/Frameworks @loader_path/Frameworks";
				PRODUCT_NAME = "$(TARGET_NAME)";
				TEST_HOST = "$(BUILT_PRODUCTS_DIR)/Twitter Dashboard for Athletes.app/Twitter Dashboard for Athletes";
			};
			name = Debug;
		};
		EDF072641B448C8E00ABD72C /* Release */ = {
			isa = XCBuildConfiguration;
			buildSettings = {
				BUNDLE_LOADER = "$(TEST_HOST)";
				FRAMEWORK_SEARCH_PATHS = (
					"$(SDKROOT)/Developer/Library/Frameworks",
					"$(inherited)",
				);
				INFOPLIST_FILE = "Twitter Dashboard for AthletesTests/Info.plist";
				LD_RUNPATH_SEARCH_PATHS = "$(inherited) @executable_path/Frameworks @loader_path/Frameworks";
				PRODUCT_NAME = "$(TARGET_NAME)";
				TEST_HOST = "$(BUILT_PRODUCTS_DIR)/Twitter Dashboard for Athletes.app/Twitter Dashboard for Athletes";
			};
			name = Release;
		};
/* End XCBuildConfiguration section */

/* Begin XCConfigurationList section */
		EDF072371B448C8E00ABD72C /* Build configuration list for PBXProject "Twitter Dashboard for Athletes" */ = {
			isa = XCConfigurationList;
			buildConfigurations = (
				EDF0725D1B448C8E00ABD72C /* Debug */,
				EDF0725E1B448C8E00ABD72C /* Release */,
			);
			defaultConfigurationIsVisible = 0;
			defaultConfigurationName = Release;
		};
		EDF0725F1B448C8E00ABD72C /* Build configuration list for PBXNativeTarget "Twitter Dashboard for Athletes" */ = {
			isa = XCConfigurationList;
			buildConfigurations = (
				EDF072601B448C8E00ABD72C /* Debug */,
				EDF072611B448C8E00ABD72C /* Release */,
			);
			defaultConfigurationIsVisible = 0;
		};
		EDF072621B448C8E00ABD72C /* Build configuration list for PBXNativeTarget "Twitter Dashboard for AthletesTests" */ = {
			isa = XCConfigurationList;
			buildConfigurations = (
				EDF072631B448C8E00ABD72C /* Debug */,
				EDF072641B448C8E00ABD72C /* Release */,
			);
			defaultConfigurationIsVisible = 0;
		};
/* End XCConfigurationList section */
	};
	rootObject = EDF072341B448C8E00ABD72C /* Project object */;
}
